
Microsoft Visual Studio Solution File, Format Version 12.00
Project("{FAE04EC0-301F-11D3-BF4B-00C04F79EFBC}") = "SimpleAccount", "SimpleAccount\SimpleAccount.csproj", "{6E53D3A9-3DEB-42A4-99F9-BBF6C22F1987}"
EndProject
Project("{FAE04EC0-301F-11D3-BF4B-00C04F79EFBC}") = "SimpleAccount.Test", "SimpleAccount.Test\SimpleAccount.Test.csproj", "{8487DE07-1053-413A-B323-3D5D758A8A87}"
EndProject
Global
	GlobalSection(SolutionConfigurationPlatforms) = preSolution
		Debug|Any CPU = Debug|Any CPU
		Release|Any CPU = Release|Any CPU
	EndGlobalSection
	GlobalSection(ProjectConfigurationPlatforms) = postSolution
		{6E53D3A9-3DEB-42A4-99F9-BBF6C22F1987}.Debug|Any CPU.ActiveCfg = Debug|Any CPU
		{6E53D3A9-3DEB-42A4-99F9-BBF6C22F1987}.Debug|Any CPU.Build.0 = Debug|Any CPU
		{6E53D3A9-3DEB-42A4-99F9-BBF6C22F1987}.Release|Any CPU.ActiveCfg = Release|Any CPU
		{6E53D3A9-3DEB-42A4-99F9-BBF6C22F1987}.Release|Any CPU.Build.0 = Release|Any CPU
		{8487DE07-1053-413A-B323-3D5D758A8A87}.Debug|Any CPU.ActiveCfg = Debug|Any CPU
		{8487DE07-1053-413A-B323-3D5D758A8A87}.Debug|Any CPU.Build.0 = Debug|Any CPU
		{8487DE07-1053-413A-B323-3D5D758A8A87}.Release|Any CPU.ActiveCfg = Release|Any CPU
		{8487DE07-1053-413A-B323-3D5D758A8A87}.Release|Any CPU.Build.0 = Release|Any CPU
	EndGlobalSection
EndGlobal
